
Microsoft Visual Studio Solution File, Format Version 12.00
# Visual Studio 14
VisualStudioVersion = 14.0.25123.0
MinimumVisualStudioVersion = 10.0.40219.1
Project("{FAE04EC0-301F-11D3-BF4B-00C04F79EFBC}") = "Northwind.Mvc", "Northwind.Mvc\Northwind.Mvc.csproj", "{93628193-0464-4564-82A6-EDEEF5512F95}"
EndProject
Project("{FAE04EC0-301F-11D3-BF4B-00C04F79EFBC}") = "Northwind.Mvc.Tests", "Northwind.Mvc.Tests\Northwind.Mvc.Tests.csproj", "{B378CA0E-29C8-4752-BE72-AB7C8173E3B2}"
EndProject
Project("{FAE04EC0-301F-11D3-BF4B-00C04F79EFBC}") = "Northwind.Domain", "Northwind.Domain\Northwind.Domain.csproj", "{8C30D799-5515-46BD-AAEF-6720D0E23377}"
EndProject
Project("{FAE04EC0-301F-11D3-BF4B-00C04F79EFBC}") = "Northwind.Domain.Test", "Northwind.Domain.Test\Northwind.Domain.Test.csproj", "{4A2C3363-E96D-4B50-B786-79CB92C8B5EB}"
EndProject
Global
	GlobalSection(SolutionConfigurationPlatforms) = preSolution
		Debug|Any CPU = Debug|Any CPU
		Release|Any CPU = Release|Any CPU
	EndGlobalSection
	GlobalSection(ProjectConfigurationPlatforms) = postSolution
		{93628193-0464-4564-82A6-EDEEF5512F95}.Debug|Any CPU.ActiveCfg = Debug|Any CPU
		{93628193-0464-4564-82A6-EDEEF5512F95}.Debug|Any CPU.Build.0 = Debug|Any CPU
		{93628193-0464-4564-82A6-EDEEF5512F95}.Release|Any CPU.ActiveCfg = Release|Any CPU
		{93628193-0464-4564-82A6-EDEEF5512F95}.Release|Any CPU.Build.0 = Release|Any CPU
		{B378CA0E-29C8-4752-BE72-AB7C8173E3B2}.Debug|Any CPU.ActiveCfg = Debug|Any CPU
		{B378CA0E-29C8-4752-BE72-AB7C8173E3B2}.Debug|Any CPU.Build.0 = Debug|Any CPU
		{B378CA0E-29C8-4752-BE72-AB7C8173E3B2}.Release|Any CPU.ActiveCfg = Release|Any CPU
		{B378CA0E-29C8-4752-BE72-AB7C8173E3B2}.Release|Any CPU.Build.0 = Release|Any CPU
		{8C30D799-5515-46BD-AAEF-6720D0E23377}.Debug|Any CPU.ActiveCfg = Debug|Any CPU
		{8C30D799-5515-46BD-AAEF-6720D0E23377}.Debug|Any CPU.Build.0 = Debug|Any CPU
		{8C30D799-5515-46BD-AAEF-6720D0E23377}.Release|Any CPU.ActiveCfg = Release|Any CPU
		{8C30D799-5515-46BD-AAEF-6720D0E23377}.Release|Any CPU.Build.0 = Release|Any CPU
		{4A2C3363-E96D-4B50-B786-79CB92C8B5EB}.Debug|Any CPU.ActiveCfg = Debug|Any CPU
		{4A2C3363-E96D-4B50-B786-79CB92C8B5EB}.Debug|Any CPU.Build.0 = Debug|Any CPU
		{4A2C3363-E96D-4B50-B786-79CB92C8B5EB}.Release|Any CPU.ActiveCfg = Release|Any CPU
		{4A2C3363-E96D-4B50-B786-79CB92C8B5EB}.Release|Any CPU.Build.0 = Release|Any CPU
	EndGlobalSection
	GlobalSection(SolutionProperties) = preSolution
		HideSolutionNode = FALSE
	EndGlobalSection
EndGlobal
